
Microsoft Visual Studio Solution File, Format Version 12.00
# Visual Studio Version 17
VisualStudioVersion = 17.13.35825.156 d17.13
MinimumVisualStudioVersion = 10.0.40219.1
Project("{FAE04EC0-301F-11D3-BF4B-00C04F79EFBC}") = "Walks.API", "Walks.API.csproj", "{D10C89EC-A0B0-43CD-9053-C08E25F044A6}"
EndProject
Global
	GlobalSection(SolutionConfigurationPlatforms) = preSolution
		Debug|Any CPU = Debug|Any CPU
		Release|Any CPU = Release|Any CPU
	EndGlobalSection
	GlobalSection(ProjectConfigurationPlatforms) = postSolution
		{D10C89EC-A0B0-43CD-9053-C08E25F044A6}.Debug|Any CPU.ActiveCfg = Debug|Any CPU
		{D10C89EC-A0B0-43CD-9053-C08E25F044A6}.Debug|Any CPU.Build.0 = Debug|Any CPU
		{D10C89EC-A0B0-43CD-9053-C08E25F044A6}.Release|Any CPU.ActiveCfg = Release|Any CPU
		{D10C89EC-A0B0-43CD-9053-C08E25F044A6}.Release|Any CPU.Build.0 = Release|Any CPU
	EndGlobalSection
	GlobalSection(SolutionProperties) = preSolution
		HideSolutionNode = FALSE
	EndGlobalSection
	GlobalSection(ExtensibilityGlobals) = postSolution
		SolutionGuid = {191ABECF-CC60-4326-AE46-99A9A3AAB626}
	EndGlobalSection
EndGlobal
